[[package]]
name = "atomicwrites"
version = "1.4.1"
description = "Atomic file writes."
category = "main"
optional = false
python-versions = ">=2.7, !=3.0.*, !=3.1.*, !=3.2.*, !=3.3.*"

[[package]]
name = "attrs"
version = "22.1.0"
description = "Classes Without Boilerplate"
category = "main"
optional = false
python-versions = ">=3.5"

[package.extras]
dev = ["coverage[toml] (>=5.0.2)", "hypothesis", "pympler", "pytest (>=4.3.0)", "mypy (>=0.900,!=0.940)", "pytest-mypy-plugins", "zope.interface", "furo", "sphinx", "sphinx-notfound-page", "pre-commit", "cloudpickle"]
docs = ["furo", "sphinx", "zope.interface", "sphinx-notfound-page"]
tests = ["coverage[toml] (>=5.0.2)", "hypothesis", "pympler", "pytest (>=4.3.0)", "mypy (>=0.900,!=0.940)", "pytest-mypy-plugins", "zope.interface", "cloudpickle"]
tests_no_zope = ["coverage[toml] (>=5.0.2)", "hypothesis", "pympler", "pytest (>=4.3.0)", "mypy (>=0.900,!=0.940)", "pytest-mypy-plugins", "cloudpickle"]

[[package]]
name = "colorama"
version = "0.4.5"
description = "Cross-platform colored terminal text."
category = "main"
optional = false
python-versions = ">=2.7, !=3.0.*, !=3.1.*, !=3.2.*, !=3.3.*, !=3.4.*"

[[package]]
name = "coverage"
version = "6.4.3"
description = "Code coverage measurement for Python"
category = "main"
optional = false
python-versions = ">=3.7"

[package.extras]
toml = ["tomli"]

[[package]]
name = "more-itertools"
version = "8.14.0"
description = "More routines for operating on iterables, beyond itertools"
category = "main"
optional = false
python-versions = ">=3.5"

[[package]]
name = "numpy"
version = "1.22.4"
description = "NumPy is the fundamental package for array computing with Python."
category = "main"
optional = false
python-versions = ">=3.8"

[[package]]
name = "packaging"
version = "21.3"
description = "Core utilities for Python packages"
category = "main"
optional = false
python-versions = ">=3.6"

[package.dependencies]
pyparsing = ">=2.0.2,<3.0.5 || >3.0.5"

[[package]]
name = "pandas"
version = "1.3.3"
description = "Powerful data structures for data analysis, time series, and statistics"
category = "main"
optional = false
python-versions = ">=3.7.1"

[package.dependencies]
numpy = ">=1.17.3"
python-dateutil = ">=2.7.3"
pytz = ">=2017.3"

[package.extras]
test = ["hypothesis (>=3.58)", "pytest (>=6.0)", "pytest-xdist"]

[[package]]
name = "pluggy"
version = "0.13.1"
description = "plugin and hook calling mechanisms for python"
category = "main"
optional = false
python-versions = ">=2.7, !=3.0.*, !=3.1.*, !=3.2.*, !=3.3.*"

[package.extras]
dev = ["pre-commit", "tox"]

[[package]]
name = "py"
version = "1.11.0"
description = "library with cross-python path, ini-parsing, io, code, log facilities"
category = "main"
optional = false
python-versions = ">=2.7, !=3.0.*, !=3.1.*, !=3.2.*, !=3.3.*, !=3.4.*"

[[package]]
name = "py4j"
version = "0.10.9"
description = "Enables Python programs to dynamically access arbitrary Java objects"
category = "main"
optional = false
python-versions = "*"

[[package]]
name = "pyarrow"
version = "5.0.0"
description = "Python library for Apache Arrow"
category = "main"
optional = false
python-versions = ">=3.6"

[package.dependencies]
numpy = ">=1.16.6"

[[package]]
name = "pyparsing"
version = "3.0.9"
description = "pyparsing module - Classes and methods to define and execute parsing grammars"
category = "main"
optional = false
python-versions = ">=3.6.8"

[package.extras]
diagrams = ["railroad-diagrams", "jinja2"]

[[package]]
name = "pyspark"
version = "3.1.2"
description = "Apache Spark Python API"
category = "main"
optional = false
python-versions = ">=3.6"

[package.dependencies]
py4j = "0.10.9"

[package.extras]
ml = ["numpy (>=1.7)"]
mllib = ["numpy (>=1.7)"]
sql = ["pandas (>=0.23.2)", "pyarrow (>=1.0.0)"]

[[package]]
name = "pytest"
version = "5.2.0"
description = "pytest: simple powerful testing with Python"
category = "main"
optional = false
python-versions = ">=3.5"

[package.dependencies]
atomicwrites = ">=1.0"
attrs = ">=17.4.0"
colorama = {version = "*", markers = "sys_platform == \"win32\""}
more-itertools = ">=4.0.0"
packaging = "*"
pluggy = ">=0.12,<1.0"
py = ">=1.5.0"
wcwidth = "*"

[package.extras]
testing = ["argcomplete", "hypothesis (>=3.56)", "mock", "nose", "requests", "xmlschema"]

[[package]]
name = "python-dateutil"
version = "2.8.1"
description = "Extensions to the standard Python datetime module"
category = "main"
optional = false
python-versions = "!=3.0.*,!=3.1.*,!=3.2.*,>=2.7"

[package.dependencies]
six = ">=1.5"

[[package]]
name = "pytz"
version = "2022.1"
description = "World timezone definitions, modern and historical"
category = "main"
optional = false
python-versions = "*"

[[package]]
name = "scipy"
version = "1.7.1"
description = "SciPy: Scientific Library for Python"
category = "main"
optional = false
python-versions = ">=3.7,<3.10"

[package.dependencies]
numpy = ">=1.16.5,<1.23.0"

[[package]]
name = "six"
version = "1.15.0"
description = "Python 2 and 3 compatibility utilities"
category = "main"
optional = false
python-versions = ">=2.7, !=3.0.*, !=3.1.*, !=3.2.*"

[[package]]
name = "wcwidth"
version = "0.2.5"
description = "Measures the displayed width of unicode strings in a terminal"
category = "main"
optional = false
python-versions = "*"

[metadata]
lock-version = "1.1"
python-versions = ">=3.9,<3.10"
content-hash = "54c7865ff6ef608afdb59260a3d736760f04c171fb0a4a433cfb885c8026f139"

[metadata.files]
atomicwrites = [
    {file = "atomicwrites-1.4.1.tar.gz", hash = "sha256:81b2c9071a49367a7f770170e5eec8cb66567cfbbc8c73d20ce5ca4a8d71cf11"},
]
attrs = [
    {file = "attrs-22.1.0-py2.py3-none-any.whl", hash = "sha256:86efa402f67bf2df34f51a335487cf46b1ec130d02b8d39fd248abfd30da551c"},
    {file = "attrs-22.1.0.tar.gz", hash = "sha256:29adc2665447e5191d0e7c568fde78b21f9672d344281d0c6e1ab085429b22b6"},
]
colorama = [
    {file = "colorama-0.4.5-py2.py3-none-any.whl", hash = "sha256:854bf444933e37f5824ae7bfc1e98d5bce2ebe4160d46b5edf346a89358e99da"},
    {file = "colorama-0.4.5.tar.gz", hash = "sha256:e6c6b4334fc50988a639d9b98aa429a0b57da6e17b9a44f0451f930b6967b7a4"},
]
coverage = [
    {file = "coverage-6.4.3-cp310-cp310-macosx_10_9_x86_64.whl", hash = "sha256:f50d3a822947572496ea922ee7825becd8e3ae6fbd2400cd8236b7d64b17f285"},
    {file = "coverage-6.4.3-cp310-cp310-macosx_11_0_arm64.whl", hash = "sha256:d5191d53afbe5b6059895fa7f58223d3751c42b8101fb3ce767e1a0b1a1d8f87"},
    {file = "coverage-6.4.3-cp310-cp310-manylinux_2_17_aarch64.manylinux2014_aarch64.whl", hash = "sha256:04010af3c06ce2bfeb3b1e4e05d136f88d88c25f76cd4faff5d1fd84d11581ea"},
    {file = "coverage-6.4.3-cp310-cp310-manylinux_2_5_i686.manylinux1_i686.manylinux_2_17_i686.manylinux2014_i686.whl", hash = "sha256:6630d8d943644ea62132789940ca97d05fac83f73186eaf0930ffa715fbdab6b"},
    {file = "coverage-6.4.3-cp310-cp310-manylinux_2_5_x86_64.manylinux1_x86_64.manylinux_2_17_x86_64.manylinux2014_x86_64.whl", hash = "sha256:05de0762c1caed4a162b3e305f36cf20a548ff4da0be6766ad5c870704be3660"},
    {file = "coverage-6.4.3-cp310-cp310-musllinux_1_1_aarch64.whl", hash = "sha256:0e3a41aad5919613483aad9ebd53336905cab1bd6788afd3995c2a972d89d795"},
    {file = "coverage-6.4.3-cp310-cp310-musllinux_1_1_i686.whl", hash = "sha256:a2738ba1ee544d6f294278cfb6de2dc1f9a737a780469b5366e662a218f806c3"},
    {file = "coverage-6.4.3-cp310-cp310-musllinux_1_1_x86_64.whl", hash = "sha256:a0d2df4227f645a879010461df2cea6b7e3fb5a97d7eafa210f7fb60345af9e8"},
    {file = "coverage-6.4.3-cp310-cp310-win32.whl", hash = "sha256:73a10939dc345460ca0655356a470dd3de9759919186a82383c87b6eb315faf2"},
    {file = "coverage-6.4.3-cp310-cp310-win_amd64.whl", hash = "sha256:53c8edd3b83a4ddba3d8c506f1359401e7770b30f2188f15c17a338adf5a14db"},
    {file = "coverage-6.4.3-cp37-cp37m-macosx_10_9_x86_64.whl", hash = "sha256:f1eda5cae434282712e40b42aaf590b773382afc3642786ac3ed39053973f61f"},
    {file = "coverage-6.4.3-cp37-cp37m-manylinux_2_17_aarch64.manylinux2014_aarch64.whl", hash = "sha256:59fc88bc13e30f25167e807b8cad3c41b7218ef4473a20c86fd98a7968733083"},
    {file = "coverage-6.4.3-cp37-cp37m-manylinux_2_5_i686.manylinux1_i686.manylinux_2_17_i686.manylinux2014_i686.whl", hash = "sha256:d75314b00825d70e1e34b07396e23f47ed1d4feedc0122748f9f6bd31a544840"},
    {file = "coverage-6.4.3-cp37-cp37m-manylinux_2_5_x86_64.manylinux1_x86_64.manylinux_2_17_x86_64.manylinux2014_x86_64.whl", hash = "sha256:52f8b9fcf3c5e427d51bbab1fb92b575a9a9235d516f175b24712bcd4b5be917"},
    {file = "coverage-6.4.3-cp37-cp37m-musllinux_1_1_aarch64.whl", hash = "sha256:5a559aab40c716de80c7212295d0dc96bc1b6c719371c20dd18c5187c3155518"},
    {file = "coverage-6.4.3-cp37-cp37m-musllinux_1_1_i686.whl", hash = "sha256:306788fd019bb90e9cbb83d3f3c6becad1c048dd432af24f8320cf38ac085684"},
    {file = "coverage-6.4.3-cp37-cp37m-musllinux_1_1_x86_64.whl", hash = "sha256:920a734fe3d311ca01883b4a19aa386c97b82b69fbc023458899cff0a0d621b9"},
    {file = "coverage-6.4.3-cp37-cp37m-win32.whl", hash = "sha256:ab9ef0187d6c62b09dec83a84a3b94f71f9690784c84fd762fb3cf2d2b44c914"},
    {file = "coverage-6.4.3-cp37-cp37m-win_amd64.whl", hash = "sha256:39ebd8e120cb77a06ee3d5fc26f9732670d1c397d7cd3acf02f6f62693b89b80"},
    {file = "coverage-6.4.3-cp38-cp38-macosx_10_9_x86_64.whl", hash = "sha256:bc698580216050b5f4a34d2cdd2838b429c53314f1c4835fab7338200a8396f2"},
    {file = "coverage-6.4.3-cp38-cp38-macosx_11_0_arm64.whl", hash = "sha256:877ee5478fd78e100362aed56db47ccc5f23f6e7bb035a8896855f4c3e49bc9b"},
    {file = "coverage-6.4.3-cp38-cp38-manylinux_2_17_aarch64.manylinux2014_aarch64.whl", hash = "sha256:555a498999c44f5287cc95500486cd0d4f021af9162982cbe504d4cb388f73b5"},
    {file = "coverage-6.4.3-cp38-cp38-manylinux_2_5_i686.manylinux1_i686.manylinux_2_17_i686.manylinux2014_i686.whl", hash = "sha256:eff095a5aac7011fdb51a2c82a8fae9ec5211577f4b764e1e59cfa27ceeb1b59"},
    {file = "coverage-6.4.3-cp38-cp38-manylinux_2_5_x86_64.manylinux1_x86_64.manylinux_2_17_x86_64.manylinux2014_x86_64.whl", hash = "sha256:5de1e9335e2569974e20df0ce31493d315a830d7987e71a24a2a335a8d8459d3"},
    {file = "coverage-6.4.3-cp38-cp38-musllinux_1_1_aarch64.whl", hash = "sha256:7856ea39059d75f822ff0df3a51ea6d76307c897048bdec3aad1377e4e9dca20"},
    {file = "coverage-6.4.3-cp38-cp38-musllinux_1_1_i686.whl", hash = "sha256:411fdd9f4203afd93b056c0868c8f9e5e16813e765de962f27e4e5798356a052"},
    {file = "coverage-6.4.3-cp38-cp38-musllinux_1_1_x86_64.whl", hash = "sha256:cdf7b83f04a313a21afb1f8730fe4dd09577fefc53bbdfececf78b2006f4268e"},
    {file = "coverage-6.4.3-cp38-cp38-win32.whl", hash = "sha256:ab2b1a89d2bc7647622e9eaf06128a5b5451dccf7c242deaa31420b055716481"},
    {file = "coverage-6.4.3-cp38-cp38-win_amd64.whl", hash = "sha256:0e34247274bde982bbc613894d33f9e36358179db2ed231dd101c48dd298e7b0"},
    {file = "coverage-6.4.3-cp39-cp39-macosx_10_9_x86_64.whl", hash = "sha256:b104b6b1827d6a22483c469e3983a204bcf9c6bf7544bf90362c4654ebc2edf3"},
    {file = "coverage-6.4.3-cp39-cp39-macosx_11_0_arm64.whl", hash = "sha256:adf1a0d272633b21d645dd6e02e3293429c1141c7d65a58e4cbcd592d53b8e01"},
    {file = "coverage-6.4.3-cp39-cp39-manylinux_2_17_aarch64.manylinux2014_aarch64.whl", hash = "sha256:ff9832434a9193fbd716fbe05f9276484e18d26cc4cf850853594bb322807ac3"},
    {file = "coverage-6.4.3-cp39-cp39-manylinux_2_5_i686.manylinux1_i686.manylinux_2_17_i686.manylinux2014_i686.whl", hash = "sha256:923f9084d7e1d31b5f74c92396b05b18921ed01ee5350402b561a79dce3ea48d"},
    {file = "coverage-6.4.3-cp39-cp39-manylinux_2_5_x86_64.manylinux1_x86_64.manylinux_2_17_x86_64.manylinux2014_x86_64.whl", hash = "sha256:e4d64304acf79766e650f7acb81d263a3ea6e2d0d04c5172b7189180ff2c023c"},
    {file = "coverage-6.4.3-cp39-cp39-musllinux_1_1_aarch64.whl", hash = "sha256:fc294de50941d3da66a09dca06e206297709332050973eca17040278cb0918ff"},
    {file = "coverage-6.4.3-cp39-cp39-musllinux_1_1_i686.whl", hash = "sha256:a42eaaae772f14a5194f181740a67bfd48e8806394b8c67aa4399e09d0d6b5db"},
    {file = "coverage-6.4.3-cp39-cp39-musllinux_1_1_x86_64.whl", hash = "sha256:4822327b35cb032ff16af3bec27f73985448f08e874146b5b101e0e558b613dd"},
    {file = "coverage-6.4.3-cp39-cp39-win32.whl", hash = "sha256:f217850ac0e046ede611312703423767ca032a7b952b5257efac963942c055de"},
    {file = "coverage-6.4.3-cp39-cp39-win_amd64.whl", hash = "sha256:0a84376e4fd13cebce2c0ef8c2f037929c8307fb94af1e5dbe50272a1c651b5d"},
    {file = "coverage-6.4.3-pp36.pp37.pp38-none-any.whl", hash = "sha256:068d6f2a893af838291b8809c876973d885543411ea460f3e6886ac0ee941732"},
    {file = "coverage-6.4.3.tar.gz", hash = "sha256:ec2ae1f398e5aca655b7084392d23e80efb31f7a660d2eecf569fb9f79b3fb94"},
]
more-itertools = [
    {file = "more-itertools-8.14.0.tar.gz", hash = "sha256:c09443cd3d5438b8dafccd867a6bc1cb0894389e90cb53d227456b0b0bccb750"},
    {file = "more_itertools-8.14.0-py3-none-any.whl", hash = "sha256:1bc4f91ee5b1b31ac7ceacc17c09befe6a40a503907baf9c839c229b5095cfd2"},
]
numpy = [
    {file = "numpy-1.22.4-cp310-cp310-macosx_10_14_x86_64.whl", hash = "sha256:ba9ead61dfb5d971d77b6c131a9dbee62294a932bf6a356e48c75ae684e635b3"},
    {file = "numpy-1.22.4-cp310-cp310-macosx_10_15_x86_64.whl", hash = "sha256:1ce7ab2053e36c0a71e7a13a7475bd3b1f54750b4b433adc96313e127b870887"},
    {file = "numpy-1.22.4-cp310-cp310-macosx_11_0_arm64.whl", hash = "sha256:7228ad13744f63575b3a972d7ee4fd61815b2879998e70930d4ccf9ec721dce0"},
    {file = "numpy-1.22.4-cp310-cp310-manylinux_2_17_aarch64.manylinux2014_aarch64.whl", hash = "sha256:43a8ca7391b626b4c4fe20aefe79fec683279e31e7c79716863b4b25021e0e74"},
    {file = "numpy-1.22.4-cp310-cp310-manylinux_2_17_x86_64.manylinux2014_x86_64.whl", hash = "sha256:a911e317e8c826ea632205e63ed8507e0dc877dcdc49744584dfc363df9ca08c"},
    {file = "numpy-1.22.4-cp310-cp310-win32.whl", hash = "sha256:9ce7df0abeabe7fbd8ccbf343dc0db72f68549856b863ae3dd580255d009648e"},
    {file = "numpy-1.22.4-cp310-cp310-win_amd64.whl", hash = "sha256:3e1ffa4748168e1cc8d3cde93f006fe92b5421396221a02f2274aab6ac83b077"},
    {file = "numpy-1.22.4-cp38-cp38-macosx_10_15_x86_64.whl", hash = "sha256:59d55e634968b8f77d3fd674a3cf0b96e85147cd6556ec64ade018f27e9479e1"},
    {file = "numpy-1.22.4-cp38-cp38-macosx_11_0_arm64.whl", hash = "sha256:c1d937820db6e43bec43e8d016b9b3165dcb42892ea9f106c70fb13d430ffe72"},
    {file = "numpy-1.22.4-cp38-cp38-manylinux_2_17_aarch64.manylinux2014_aarch64.whl", hash = "sha256:d4c5d5eb2ec8da0b4f50c9a843393971f31f1d60be87e0fb0917a49133d257d6"},
    {file = "numpy-1.22.4-cp38-cp38-manylinux_2_17_x86_64.manylinux2014_x86_64.whl", hash = "sha256:64f56fc53a2d18b1924abd15745e30d82a5782b2cab3429aceecc6875bd5add0"},
    {file = "numpy-1.22.4-cp38-cp38-win32.whl", hash = "sha256:fb7a980c81dd932381f8228a426df8aeb70d59bbcda2af075b627bbc50207cba"},
    {file = "numpy-1.22.4-cp38-cp38-win_amd64.whl", hash = "sha256:e96d7f3096a36c8754207ab89d4b3282ba7b49ea140e4973591852c77d09eb76"},
    {file = "numpy-1.22.4-cp39-cp39-macosx_10_14_x86_64.whl", hash = "sha256:4c6036521f11a731ce0648f10c18ae66d7143865f19f7299943c985cdc95afb5"},
    {file = "numpy-1.22.4-cp39-cp39-macosx_10_15_x86_64.whl", hash = "sha256:b89bf9b94b3d624e7bb480344e91f68c1c6c75f026ed6755955117de00917a7c"},
    {file = "numpy-1.22.4-cp39-cp39-macosx_11_0_arm64.whl", hash = "sha256:2d487e06ecbf1dc2f18e7efce82ded4f705f4bd0cd02677ffccfb39e5c284c7e"},
    {file = "numpy-1.22.4-cp39-cp39-manylinux_2_17_aarch64.manylinux2014_aarch64.whl", hash = "sha256:f3eb268dbd5cfaffd9448113539e44e2dd1c5ca9ce25576f7c04a5453edc26fa"},
    {file = "numpy-1.22.4-cp39-cp39-manylinux_2_17_x86_64.manylinux2014_x86_64.whl", hash = "sha256:37431a77ceb9307c28382c9773da9f306435135fae6b80b62a11c53cfedd8802"},
    {file = "numpy-1.22.4-cp39-cp39-win32.whl", hash = "sha256:cc7f00008eb7d3f2489fca6f334ec19ca63e31371be28fd5dad955b16ec285bd"},
    {file = "numpy-1.22.4-cp39-cp39-win_amd64.whl", hash = "sha256:f0725df166cf4785c0bc4cbfb320203182b1ecd30fee6e541c8752a92df6aa32"},
    {file = "numpy-1.22.4-pp38-pypy38_pp73-manylinux_2_17_x86_64.manylinux2014_x86_64.whl", hash = "sha256:0791fbd1e43bf74b3502133207e378901272f3c156c4df4954cad833b1380207"},
    {file = "numpy-1.22.4.zip", hash = "sha256:425b390e4619f58d8526b3dcf656dde069133ae5c240229821f01b5f44ea07af"},
]
packaging = [
    {file = "packaging-21.3-py3-none-any.whl", hash = "sha256:ef103e05f519cdc783ae24ea4e2e0f508a9c99b2d4969652eed6a2e1ea5bd522"},
    {file = "packaging-21.3.tar.gz", hash = "sha256:dd47c42927d89ab911e606518907cc2d3a1f38bbd026385970643f9c5b8ecfeb"},
]
pandas = [
    {file = "pandas-1.3.3-cp310-cp310-manylinux_2_17_aarch64.manylinux2014_aarch64.whl", hash = "sha256:68408a39a54ebadb9014ee5a4fae27b2fe524317bc80adf56c9ac59e8f8ea431"},
    {file = "pandas-1.3.3-cp310-cp310-manylinux_2_17_x86_64.manylinux2014_x86_64.whl", hash = "sha256:86b16b1b920c4cb27fdd65a2c20258bcd9c794be491290660722bb0ea765054d"},
    {file = "pandas-1.3.3-cp37-cp37m-macosx_10_9_x86_64.whl", hash = "sha256:37d63e78e87eb3791da7be4100a65da0383670c2b59e493d9e73098d7a879226"},
    {file = "pandas-1.3.3-cp37-cp37m-manylinux_2_17_aarch64.manylinux2014_aarch64.whl", hash = "sha256:53e2fb11f86f6253bb1df26e3aeab3bf2e000aaa32a953ec394571bec5dc6fd6"},
    {file = "pandas-1.3.3-cp37-cp37m-manylinux_2_17_x86_64.manylinux2014_x86_64.whl", hash = "sha256:7326b37de08d42dd3fff5b7ef7691d0fd0bf2428f4ba5a2bdc3b3247e9a52e4c"},
    {file = "pandas-1.3.3-cp37-cp37m-manylinux_2_5_i686.manylinux1_i686.manylinux_2_17_i686.manylinux2014_i686.whl", hash = "sha256:ed2f29b4da6f6ae7c68f4b3708d9d9e59fa89b2f9e87c2b64ce055cbd39f729e"},
    {file = "pandas-1.3.3-cp37-cp37m-win32.whl", hash = "sha256:3f5020613c1d8e304840c34aeb171377dc755521bf5e69804991030c2a48aec3"},
    {file = "pandas-1.3.3-cp37-cp37m-win_amd64.whl", hash = "sha256:c399200631db9bd9335d013ec7fce4edb98651035c249d532945c78ad453f23a"},
    {file = "pandas-1.3.3-cp38-cp38-macosx_10_9_x86_64.whl", hash = "sha256:a800df4e101b721e94d04c355e611863cc31887f24c0b019572e26518cbbcab6"},
    {file = "pandas-1.3.3-cp38-cp38-manylinux_2_17_aarch64.manylinux2014_aarch64.whl", hash = "sha256:3334a5a9eeaca953b9db1b2b165dcdc5180b5011f3bec3a57a3580c9c22eae68"},
    {file = "pandas-1.3.3-cp38-cp38-manylinux_2_17_x86_64.manylinux2014_x86_64.whl", hash = "sha256:49fd2889d8116d7acef0709e4c82b8560a8b22b0f77471391d12c27596e90267"},
    {file = "pandas-1.3.3-cp38-cp38-manylinux_2_5_i686.manylinux1_i686.manylinux_2_17_i686.manylinux2014_i686.whl", hash = "sha256:7557b39c8e86eb0543a17a002ac1ea0f38911c3c17095bc9350d0a65b32d801c"},
    {file = "pandas-1.3.3-cp38-cp38-win32.whl", hash = "sha256:629138b7cf81a2e55aa29ce7b04c1cece20485271d1f6c469c6a0c03857db6a4"},
    {file = "pandas-1.3.3-cp38-cp38-win_amd64.whl", hash = "sha256:45649503e167d45360aa7c52f18d1591a6d5c70d2f3a26bc90a3297a30ce9a66"},
    {file = "pandas-1.3.3-cp39-cp39-macosx_10_9_x86_64.whl", hash = "sha256:ebbed7312547a924df0cbe133ff1250eeb94cdff3c09a794dc991c5621c8c735"},
    {file = "pandas-1.3.3-cp39-cp39-manylinux_2_17_aarch64.manylinux2014_aarch64.whl", hash = "sha256:a9f1b54d7efc9df05320b14a48fb18686f781aa66cc7b47bb62fabfc67a0985c"},
    {file = "pandas-1.3.3-cp39-cp39-manylinux_2_17_x86_64.manylinux2014_x86_64.whl", hash = "sha256:e9bc59855598cb57f68fdabd4897d3ed2bc3a3b3bef7b868a0153c4cd03f3207"},
    {file = "pandas-1.3.3-cp39-cp39-manylinux_2_5_i686.manylinux1_i686.manylinux_2_17_i686.manylinux2014_i686.whl", hash = "sha256:4def2ef2fb7fcd62f2aa51bacb817ee9029e5c8efe42fe527ba21f6a3ddf1a9f"},
    {file = "pandas-1.3.3-cp39-cp39-win32.whl", hash = "sha256:f7d84f321674c2f0f31887ee6d5755c54ca1ea5e144d6d54b3bbf566dd9ea0cc"},
    {file = "pandas-1.3.3-cp39-cp39-win_amd64.whl", hash = "sha256:e574c2637c9d27f322e911650b36e858c885702c5996eda8a5a60e35e6648cf2"},
    {file = "pandas-1.3.3.tar.gz", hash = "sha256:272c8cb14aa9793eada6b1ebe81994616e647b5892a370c7135efb2924b701df"},
]
pluggy = [
    {file = "pluggy-0.13.1-py2.py3-none-any.whl", hash = "sha256:966c145cd83c96502c3c3868f50408687b38434af77734af1e9ca461a4081d2d"},
    {file = "pluggy-0.13.1.tar.gz", hash = "sha256:15b2acde666561e1298d71b523007ed7364de07029219b604cf808bfa1c765b0"},
]
py = [
    {file = "py-1.11.0-py2.py3-none-any.whl", hash = "sha256:607c53218732647dff4acdfcd50cb62615cedf612e72d1724fb1a0cc6405b378"},
    {file = "py-1.11.0.tar.gz", hash = "sha256:51c75c4126074b472f746a24399ad32f6053d1b34b68d2fa41e558e6f4a98719"},
]
py4j = [
    {file = "py4j-0.10.9-py2.py3-none-any.whl", hash = "sha256:859ba728a7bb43e9c2bf058832759fb97a598bb28cc12f34f5fc4abdec08ede6"},
    {file = "py4j-0.10.9.tar.gz", hash = "sha256:36ec57f43ff8ced260a18aa9a4e46c3500a730cac8860e259cbaa546c2b9db2f"},
]
pyarrow = [
    {file = "pyarrow-5.0.0-cp36-cp36m-macosx_10_13_x86_64.whl", hash = "sha256:e9ec80f4a77057498cf4c5965389e42e7f6a618b6859e6dd615e57505c9167a6"},
    {file = "pyarrow-5.0.0-cp36-cp36m-macosx_10_9_x86_64.whl", hash = "sha256:b1453c2411b5062ba6bf6832dbc4df211ad625f678c623a2ee177aee158f199b"},
    {file = "pyarrow-5.0.0-cp36-cp36m-manylinux2010_x86_64.whl", hash = "sha256:9e04d3621b9f2f23898eed0d044203f66c156d880f02c5534a7f9947ebb1a4af"},
    {file = "pyarrow-5.0.0-cp36-cp36m-manylinux2014_aarch64.whl", hash = "sha256:64f30aa6b28b666a925d11c239344741850eb97c29d3aa0f7187918cf82494f7"},
    {file = "pyarrow-5.0.0-cp36-cp36m-manylinux2014_x86_64.whl", hash = "sha256:99c8b0f7e2ce2541dd4c0c0101d9944bb8e592ae3295fe7a2f290ab99222666d"},
    {file = "pyarrow-5.0.0-cp36-cp36m-win_amd64.whl", hash = "sha256:456a4488ae810a0569d1adf87dbc522bcc9a0e4a8d1809b934ca28c163d8edce"},
    {file = "pyarrow-5.0.0-cp37-cp37m-macosx_10_13_x86_64.whl", hash = "sha256:c5493d2414d0d690a738aac8dd6d38518d1f9b870e52e24f89d8d7eb3afd4161"},
    {file = "pyarrow-5.0.0-cp37-cp37m-macosx_10_9_x86_64.whl", hash = "sha256:1832709281efefa4f199c639e9f429678286329860188e53beeda71750775923"},
    {file = "pyarrow-5.0.0-cp37-cp37m-manylinux2010_x86_64.whl", hash = "sha256:b6387d2058d95fa48ccfedea810a768187affb62f4a3ef6595fa30bf9d1a65cf"},
    {file = "pyarrow-5.0.0-cp37-cp37m-manylinux2014_aarch64.whl", hash = "sha256:bbe2e439bec2618c74a3bb259700c8a7353dc2ea0c5a62686b6cf04a50ab1e0d"},
    {file = "pyarrow-5.0.0-cp37-cp37m-manylinux2014_x86_64.whl", hash = "sha256:5c0d1b68e67bb334a5af0cecdf9b6a702aaa4cc259c5cbb71b25bbed40fcedaf"},
    {file = "pyarrow-5.0.0-cp37-cp37m-win_amd64.whl", hash = "sha256:6e937ce4a40ea0cc7896faff96adecadd4485beb53fbf510b46858e29b2e75ae"},
    {file = "pyarrow-5.0.0-cp38-cp38-macosx_10_13_x86_64.whl", hash = "sha256:7560332e5846f0e7830b377c14c93624e24a17f91c98f0b25dafb0ca1ea6ba02"},
    {file = "pyarrow-5.0.0-cp38-cp38-macosx_10_9_x86_64.whl", hash = "sha256:53e550dec60d1ab86cba3afa1719dc179a8bc9632a0e50d9fe91499cf0a7f2bc"},
    {file = "pyarrow-5.0.0-cp38-cp38-macosx_11_0_arm64.whl", hash = "sha256:2d26186ca9748a1fb89ae6c1fa04fb343a4279b53f118734ea8096f15d66c820"},
    {file = "pyarrow-5.0.0-cp38-cp38-manylinux2010_x86_64.whl", hash = "sha256:7c4edd2bacee3eea6c8c28bddb02347f9d41a55ec9692c71c6de6e47c62a7f0d"},
    {file = "pyarrow-5.0.0-cp38-cp38-manylinux2014_aarch64.whl", hash = "sha256:601b0aabd6fb066429e706282934d4d8d38f53bdb8d82da9576be49f07eedf5c"},
    {file = "pyarrow-5.0.0-cp38-cp38-manylinux2014_x86_64.whl", hash = "sha256:ff21711f6ff3b0bc90abc8ca8169e676faeb2401ddc1a0bc1c7dc181708a3406"},
    {file = "pyarrow-5.0.0-cp38-cp38-win_amd64.whl", hash = "sha256:ed135a99975380c27077f9d0e210aea8618ed9fadcec0e71f8a3190939557afe"},
    {file = "pyarrow-5.0.0-cp39-cp39-macosx_10_13_universal2.whl", hash = "sha256:6e1f0e4374061116f40e541408a8a170c170d0a070b788717e18165ebfdd2a54"},
    {file = "pyarrow-5.0.0-cp39-cp39-macosx_10_13_x86_64.whl", hash = "sha256:4341ac0f552dc04c450751e049976940c7f4f8f2dae03685cc465ebe0a61e231"},
    {file = "pyarrow-5.0.0-cp39-cp39-macosx_10_9_x86_64.whl", hash = "sha256:c3fc856f107ca2fb3c9391d7ea33bbb33f3a1c2b4a0e2b41f7525c626214cc03"},
    {file = "pyarrow-5.0.0-cp39-cp39-macosx_11_0_arm64.whl", hash = "sha256:357605665fbefb573d40939b13a684c2490b6ed1ab4a5de8dd246db4ab02e5a4"},
    {file = "pyarrow-5.0.0-cp39-cp39-manylinux2010_x86_64.whl", hash = "sha256:f4db312e9ba80e730cefcae0a05b63ea5befc7634c28df56682b628ad8e1c25c"},
    {file = "pyarrow-5.0.0-cp39-cp39-manylinux2014_aarch64.whl", hash = "sha256:1d9485741e497ccc516cb0a0c8f56e22be55aea815be185c3f9a681323b0e614"},
    {file = "pyarrow-5.0.0-cp39-cp39-manylinux2014_x86_64.whl", hash = "sha256:b3115df938b8d7a7372911a3cb3904196194bcea8bb48911b4b3eafee3ab8d90"},
    {file = "pyarrow-5.0.0-cp39-cp39-win_amd64.whl", hash = "sha256:4d8adda1892ef4553c4804af7f67cce484f4d6371564e2d8374b8e2bc85293e2"},
    {file = "pyarrow-5.0.0.tar.gz", hash = "sha256:24e64ea33eed07441cc0e80c949e3a1b48211a1add8953268391d250f4d39922"},
]
pyparsing = [
    {file = "pyparsing-3.0.9-py3-none-any.whl", hash = "sha256:5026bae9a10eeaefb61dab2f09052b9f4307d44aee4eda64b309723d8d206bbc"},
    {file = "pyparsing-3.0.9.tar.gz", hash = "sha256:2b020ecf7d21b687f219b71ecad3631f644a47f01403fa1d1036b0c6416d70fb"},
]
pyspark = [
    {file = "pyspark-3.1.2.tar.gz", hash = "sha256:5e25ebb18756e9715f4d26848cc7e558035025da74b4fc325a0ebc05ff538e65"},
]
pytest = [
    {file = "pytest-5.2.0-py3-none-any.whl", hash = "sha256:13c1c9b22127a77fc684eee24791efafcef343335d855e3573791c68588fe1a5"},
    {file = "pytest-5.2.0.tar.gz", hash = "sha256:d8ba7be9466f55ef96ba203fc0f90d0cf212f2f927e69186e1353e30bc7f62e5"},
]
python-dateutil = [
    {file = "python-dateutil-2.8.1.tar.gz", hash = "sha256:73ebfe9dbf22e832286dafa60473e4cd239f8592f699aa5adaf10050e6e1823c"},
    {file = "python_dateutil-2.8.1-py2.py3-none-any.whl", hash = "sha256:75bb3f31ea686f1197762692a9ee6a7550b59fc6ca3a1f4b5d7e32fb98e2da2a"},
]
pytz = [
    {file = "pytz-2022.1-py2.py3-none-any.whl", hash = "sha256:e68985985296d9a66a881eb3193b0906246245294a881e7c8afe623866ac6a5c"},
    {file = "pytz-2022.1.tar.gz", hash = "sha256:1e760e2fe6a8163bc0b3d9a19c4f84342afa0a2affebfaa84b01b978a02ecaa7"},
]
scipy = [
    {file = "scipy-1.7.1-cp37-cp37m-macosx_10_9_x86_64.whl", hash = "sha256:2a0eeaab01258e0870c4022a6cd329aef3b7c6c2b606bd7cf7bb2ba9820ae561"},
    {file = "scipy-1.7.1-cp37-cp37m-manylinux_2_17_aarch64.manylinux2014_aarch64.whl", hash = "sha256:3f52470e0548cdb74fb8ddf06773ffdcca7c97550f903b1c51312ec19243a7f7"},
    {file = "scipy-1.7.1-cp37-cp37m-manylinux_2_5_i686.manylinux1_i686.whl", hash = "sha256:787749110a23502031fb1643c55a2236c99c6b989cca703ea2114d65e21728ef"},
    {file = "scipy-1.7.1-cp37-cp37m-manylinux_2_5_x86_64.manylinux1_x86_64.whl", hash = "sha256:3304bd5bc32e00954ac4b3f4cc382ca8824719bf348aacbec6347337d6b125fe"},
    {file = "scipy-1.7.1-cp37-cp37m-win32.whl", hash = "sha256:d1388fbac9dd591ea630da75c455f4cc637a7ca5ecb31a6b6cef430914749cde"},
    {file = "scipy-1.7.1-cp37-cp37m-win_amd64.whl", hash = "sha256:d648aa85dd5074b1ed83008ae987c3fbb53d68af619fce1dee231f4d8bd40e2f"},
    {file = "scipy-1.7.1-cp38-cp38-macosx_10_9_x86_64.whl", hash = "sha256:bc61e3e5ff92d2f32bb263621d54a9cff5e3f7c420af3d1fa122ce2529de2bd9"},
    {file = "scipy-1.7.1-cp38-cp38-manylinux_2_17_aarch64.manylinux2014_aarch64.whl", hash = "sha256:a496b42dbcd04ea9924f5e92be63af3d8e0f43a274b769bfaca0a297327d54ee"},
    {file = "scipy-1.7.1-cp38-cp38-manylinux_2_5_i686.manylinux1_i686.whl", hash = "sha256:d13f31457f2216e5705304d9f28e2826edf75487410a57aa99263fa4ffd792c2"},
    {file = "scipy-1.7.1-cp38-cp38-manylinux_2_5_x86_64.manylinux1_x86_64.whl", hash = "sha256:90c07ba5f34f33299a428b0d4fa24c30d2ceba44d63f8385b2b05be460819fcb"},
    {file = "scipy-1.7.1-cp38-cp38-win32.whl", hash = "sha256:efdd3825d54c58df2cc394366ca4b9166cf940a0ebddeb87b6c10053deb625ea"},
    {file = "scipy-1.7.1-cp38-cp38-win_amd64.whl", hash = "sha256:71cfc96297617eab911e22216e8a8597703202e95636d9406df9af5c2ac99a2b"},
    {file = "scipy-1.7.1-cp39-cp39-macosx_10_9_x86_64.whl", hash = "sha256:4ee952f39a4a4c7ba775a32b664b1f4b74818548b65f765987adc14bb78f5802"},
    {file = "scipy-1.7.1-cp39-cp39-manylinux_2_17_aarch64.manylinux2014_aarch64.whl", hash = "sha256:611f9cb459d0707dd8e4de0c96f86e93f61aac7475fcb225e9ec71fecdc5cebf"},
    {file = "scipy-1.7.1-cp39-cp39-manylinux_2_5_i686.manylinux1_i686.whl", hash = "sha256:e101bceeb9e65a90dadbc5ca31283403a2d4667b9c178db29109750568e8d112"},
    {file = "scipy-1.7.1-cp39-cp39-manylinux_2_5_x86_64.manylinux1_x86_64.whl", hash = "sha256:4729b41a4cdaf4cd011aeac816b532f990bdf97710cef59149d3e293115cf467"},
    {file = "scipy-1.7.1-cp39-cp39-win32.whl", hash = "sha256:c9951e3746b68974125e5e3445008a4163dd6d20ae0bbdae22b38cb8951dc11b"},
    {file = "scipy-1.7.1-cp39-cp39-win_amd64.whl", hash = "sha256:da9c6b336e540def0b7fd65603da8abeb306c5fc9a5f4238665cbbb5ff95cf58"},
    {file = "scipy-1.7.1.tar.gz", hash = "sha256:6b47d5fa7ea651054362561a28b1ccc8da9368a39514c1bbf6c0977a1c376764"},
]
six = [
    {file = "six-1.15.0-py2.py3-none-any.whl", hash = "sha256:8b74bedcbbbaca38ff6d7491d76f2b06b3592611af620f8426e82dddb04a5ced"},
    {file = "six-1.15.0.tar.gz", hash = "sha256:30639c035cdb23534cd4aa2dd52c3bf48f06e5f4a941509c8bafd8ce11080259"},
]
wcwidth = [
    {file = "wcwidth-0.2.5-py2.py3-none-any.whl", hash = "sha256:beb4802a9cebb9144e99086eff703a642a13d6a0052920003a230f3294bbe784"},
    {file = "wcwidth-0.2.5.tar.gz", hash = "sha256:c4d647b99872929fdb7bdcaa4fbe7f01413ed3d98077df798530e5b04f116c83"},
]
